
Microsoft Visual Studio Solution File, Format Version 12.00
# Visual Studio Version 17
VisualStudioVersion = 17.5.33502.453
MinimumVisualStudioVersion = 10.0.40219.1
Project("{9A19103F-16F7-4668-BE54-9A1E7A4F7556}") = "Leap_Year", "Leap_Year.csproj", "{B69B10CE-D9A2-4CD3-8C11-7B4ACFCC7412}"
EndProject
Global
	GlobalSection(SolutionConfigurationPlatforms) = preSolution
		Debug|Any CPU = Debug|Any CPU
		Release|Any CPU = Release|Any CPU
	EndGlobalSection
	GlobalSection(ProjectConfigurationPlatforms) = postSolution
		{B69B10CE-D9A2-4CD3-8C11-7B4ACFCC7412}.Debug|Any CPU.ActiveCfg = Debug|Any CPU
		{B69B10CE-D9A2-4CD3-8C11-7B4ACFCC7412}.Debug|Any CPU.Build.0 = Debug|Any CPU
		{B69B10CE-D9A2-4CD3-8C11-7B4ACFCC7412}.Release|Any CPU.ActiveCfg = Release|Any CPU
		{B69B10CE-D9A2-4CD3-8C11-7B4ACFCC7412}.Release|Any CPU.Build.0 = Release|Any CPU
	EndGlobalSection
	GlobalSection(SolutionProperties) = preSolution
		HideSolutionNode = FALSE
	EndGlobalSection
	GlobalSection(ExtensibilityGlobals) = postSolution
		SolutionGuid = {30E05D0D-CAC2-440B-830E-5F8320A376B7}
	EndGlobalSection
EndGlobal
